{
    "_meta": {
        "hash": {
            "sha256": "5a81062820e52c7092cdfa4427515da2f6dac3416142bb0f9fb16f06919dd250"
        },
        "pipfile-spec": 6,
        "requires": {
            "python_version": "3.6"
        },
        "sources": [
            {
                "name": "pypi",
                "url": "https://pypi.org/simple",
                "verify_ssl": true
            }
        ]
    },
    "default": {
        "cffi": {
            "hashes": [

}
